
Microsoft Visual Studio Solution File, Format Version 12.00
# Visual Studio Version 16
VisualStudioVersion = 16.0.31624.102
MinimumVisualStudioVersion = 10.0.40219.1
Project("{9A19103F-16F7-4668-BE54-9A1E7A4F7556}") = "Web", "Web\Web.csproj", "{6A88BE53-69B5-408C-ABE9-49757C6ACEA2}"
EndProject
Project("{9A19103F-16F7-4668-BE54-9A1E7A4F7556}") = "DAL", "DAL\DAL.csproj", "{57102944-08B6-4982-B75F-521681095DB9}"
EndProject
Project("{9A19103F-16F7-4668-BE54-9A1E7A4F7556}") = "DiscordBot", "DiscordBot\DiscordBot.csproj", "{8140CB39-B01A-45CB-BCC3-8F4BC6A36C8E}"
EndProject
Project("{2150E333-8FDC-42A3-9474-1A3956D46DE8}") = "Tests", "Tests", "{87B94D2E-E158-475B-951E-FE4F00B8E6B7}"
EndProject
Project("{9A19103F-16F7-4668-BE54-9A1E7A4F7556}") = "ShindenApi", "ShindenApi\ShindenApi.csproj", "{4BCF278A-A434-4893-8954-F911C963505C}"
EndProject
Project("{9A19103F-16F7-4668-BE54-9A1E7A4F7556}") = "Common", "Common\Common.csproj", "{77354222-1F5D-4A9E-8519-512A72632463}"
EndProject
Project("{9A19103F-16F7-4668-BE54-9A1E7A4F7556}") = "DAL.Tests", "Tests\DAL.Tests\DAL.Tests.csproj", "{0A01A305-28A5-4384-AD9C-B73A817ADD32}"
EndProject
Project("{9A19103F-16F7-4668-BE54-9A1E7A4F7556}") = "DiscordBot.Tests", "Tests\DiscordBot.Tests\DiscordBot.Tests.csproj", "{25357620-B57A-493A-A3DF-0DD8B03CE3C8}"
EndProject
Project("{9A19103F-16F7-4668-BE54-9A1E7A4F7556}") = "ShindenApi.Tests", "Tests\ShindenApi.Tests\ShindenApi.Tests.csproj", "{7F9E18E3-5B05-479E-8770-237DBF66B20D}"
EndProject
Project("{9A19103F-16F7-4668-BE54-9A1E7A4F7556}") = "Web.Tests", "Tests\Web.Tests\Web.Tests.csproj", "{FCF2D95B-AD28-493D-9287-6ADD3898C59A}"
EndProject
Project("{9A19103F-16F7-4668-BE54-9A1E7A4F7556}") = "Common.Tests", "Tests\Common.Tests\Common.Tests.csproj", "{D7F38FE4-96C1-42F0-B124-E0B5BA26C8CF}"
EndProject
Project("{9A19103F-16F7-4668-BE54-9A1E7A4F7556}") = "DAL.MySql.Schema", "DAL.MySql.Schema\DAL.MySql.Schema.csproj", "{4548E0B4-B99C-478F-9968-1B92FCE8D53D}"
EndProject
Project("{9A19103F-16F7-4668-BE54-9A1E7A4F7556}") = "TaskQueue", "TaskQueue\TaskQueue.csproj", "{E5FF1BAB-EEBC-440D-B632-ADAD45AB60F9}"
EndProject
Project("{9A19103F-16F7-4668-BE54-9A1E7A4F7556}") = "Game", "Game\Game.csproj", "{D605DAF6-5B5A-4620-80B7-68FBC458E383}"
EndProject
Project("{9A19103F-16F7-4668-BE54-9A1E7A4F7556}") = "DiscordBot.Abstractions", "DiscordBot.Abstractions\DiscordBot.Abstractions.csproj", "{CC731392-E63C-4619-B29E-4B975F2F14D1}"
EndProject
Project("{9A19103F-16F7-4668-BE54-9A1E7A4F7556}") = "TaskQueue.Tests", "Tests\TaskQueue.Tests\TaskQueue.Tests.csproj", "{161062BA-9165-4414-B04C-33C9CAEA89F3}"
EndProject
Project("{9A19103F-16F7-4668-BE54-9A1E7A4F7556}") = "Game.Tests", "Tests\Game.Tests\Game.Tests.csproj", "{567EECEF-6940-4563-85B4-CE5EE5FE9961}"
EndProject
Project("{9A19103F-16F7-4668-BE54-9A1E7A4F7556}") = "DiscordBot.Supervisor", "DiscordBot.Supervisor\DiscordBot.Supervisor.csproj", "{3529FC4F-C39B-4A9E-A0E5-C4AC5116C7CC}"
EndProject
Project("{9A19103F-16F7-4668-BE54-9A1E7A4F7556}") = "DiscordBot.Supervisor.Tests", "Tests\DiscordBot.Supervisor.Tests\DiscordBot.Supervisor.Tests.csproj", "{12F01C5A-C7B4-45E6-832B-80818D4A33F5}"
EndProject
Project("{9A19103F-16F7-4668-BE54-9A1E7A4F7556}") = "DiscordBot.Session", "DiscordBot.Session\DiscordBot.Session.csproj", "{E36B74A6-A105-4D8E-8EA7-2449C6A67169}"
EndProject
Project("{9A19103F-16F7-4668-BE54-9A1E7A4F7556}") = "DiscordBot.Session.Tests", "Tests\DiscordBot.Session.Tests\DiscordBot.Session.Tests.csproj", "{87F75D57-0435-44ED-8BCD-8460969615FC}"
EndProject
Project("{9A19103F-16F7-4668-BE54-9A1E7A4F7556}") = "DiscordBot.Services", "DiscordBot.Services\DiscordBot.Services.csproj", "{78C7588F-21CA-4EEB-9425-E7AF16078DA0}"
EndProject
Project("{9A19103F-16F7-4668-BE54-9A1E7A4F7556}") = "DiscordBot.Services.Tests", "Tests\DiscordBot.Services.Tests\DiscordBot.Services.Tests.csproj", "{6B6FA7CF-D952-43AD-ADA7-A80A761742CA}"
EndProject
Project("{FAE04EC0-301F-11D3-BF4B-00C04F79EFBC}") = "Tests.Shared", "Shared\Tests.Shared.csproj", "{C8704971-E72B-461B-88AA-A6B4FBF12A5D}"
EndProject
Global
	GlobalSection(SolutionConfigurationPlatforms) = preSolution
		Debug|Any CPU = Debug|Any CPU
		Release|Any CPU = Release|Any CPU
		Test|Any CPU = Test|Any CPU
	EndGlobalSection
	GlobalSection(ProjectConfigurationPlatforms) = postSolution
		{6A88BE53-69B5-408C-ABE9-49757C6ACEA2}.Debug|Any CPU.ActiveCfg = Debug|Any CPU
		{6A88BE53-69B5-408C-ABE9-49757C6ACEA2}.Debug|Any CPU.Build.0 = Debug|Any CPU
		{6A88BE53-69B5-408C-ABE9-49757C6ACEA2}.Release|Any CPU.ActiveCfg = Release|Any CPU
		{6A88BE53-69B5-408C-ABE9-49757C6ACEA2}.Release|Any CPU.Build.0 = Release|Any CPU
		{6A88BE53-69B5-408C-ABE9-49757C6ACEA2}.Test|Any CPU.ActiveCfg = Test|Any CPU
		{6A88BE53-69B5-408C-ABE9-49757C6ACEA2}.Test|Any CPU.Build.0 = Test|Any CPU
		{57102944-08B6-4982-B75F-521681095DB9}.Debug|Any CPU.ActiveCfg = Debug|Any CPU
		{57102944-08B6-4982-B75F-521681095DB9}.Debug|Any CPU.Build.0 = Debug|Any CPU
		{57102944-08B6-4982-B75F-521681095DB9}.Release|Any CPU.ActiveCfg = Release|Any CPU
		{57102944-08B6-4982-B75F-521681095DB9}.Release|Any CPU.Build.0 = Release|Any CPU
		{57102944-08B6-4982-B75F-521681095DB9}.Test|Any CPU.ActiveCfg = Test|Any CPU
		{57102944-08B6-4982-B75F-521681095DB9}.Test|Any CPU.Build.0 = Test|Any CPU
		{8140CB39-B01A-45CB-BCC3-8F4BC6A36C8E}.Debug|Any CPU.ActiveCfg = Debug|Any CPU
		{8140CB39-B01A-45CB-BCC3-8F4BC6A36C8E}.Debug|Any CPU.Build.0 = Debug|Any CPU
		{8140CB39-B01A-45CB-BCC3-8F4BC6A36C8E}.Release|Any CPU.ActiveCfg = Release|Any CPU
		{8140CB39-B01A-45CB-BCC3-8F4BC6A36C8E}.Release|Any CPU.Build.0 = Release|Any CPU
		{8140CB39-B01A-45CB-BCC3-8F4BC6A36C8E}.Test|Any CPU.ActiveCfg = Test|Any CPU
		{8140CB39-B01A-45CB-BCC3-8F4BC6A36C8E}.Test|Any CPU.Build.0 = Test|Any CPU
		{4BCF278A-A434-4893-8954-F911C963505C}.Debug|Any CPU.ActiveCfg = Debug|Any CPU
		{4BCF278A-A434-4893-8954-F911C963505C}.Debug|Any CPU.Build.0 = Debug|Any CPU
		{4BCF278A-A434-4893-8954-F911C963505C}.Release|Any CPU.ActiveCfg = Release|Any CPU
		{4BCF278A-A434-4893-8954-F911C963505C}.Release|Any CPU.Build.0 = Release|Any CPU
		{4BCF278A-A434-4893-8954-F911C963505C}.Test|Any CPU.ActiveCfg = Test|Any CPU
		{4BCF278A-A434-4893-8954-F911C963505C}.Test|Any CPU.Build.0 = Test|Any CPU
		{77354222-1F5D-4A9E-8519-512A72632463}.Debug|Any CPU.ActiveCfg = Debug|Any CPU
		{77354222-1F5D-4A9E-8519-512A72632463}.Debug|Any CPU.Build.0 = Debug|Any CPU
		{77354222-1F5D-4A9E-8519-512A72632463}.Release|Any CPU.ActiveCfg = Release|Any CPU
		{77354222-1F5D-4A9E-8519-512A72632463}.Release|Any CPU.Build.0 = Release|Any CPU
		{77354222-1F5D-4A9E-8519-512A72632463}.Test|Any CPU.ActiveCfg = Test|Any CPU
		{77354222-1F5D-4A9E-8519-512A72632463}.Test|Any CPU.Build.0 = Test|Any CPU
		{0A01A305-28A5-4384-AD9C-B73A817ADD32}.Debug|Any CPU.ActiveCfg = Debug|Any CPU
		{0A01A305-28A5-4384-AD9C-B73A817ADD32}.Debug|Any CPU.Build.0 = Debug|Any CPU
		{0A01A305-28A5-4384-AD9C-B73A817ADD32}.Release|Any CPU.ActiveCfg = Release|Any CPU
		{0A01A305-28A5-4384-AD9C-B73A817ADD32}.Release|Any CPU.Build.0 = Release|Any CPU
		{0A01A305-28A5-4384-AD9C-B73A817ADD32}.Test|Any CPU.ActiveCfg = Test|Any CPU
		{0A01A305-28A5-4384-AD9C-B73A817ADD32}.Test|Any CPU.Build.0 = Test|Any CPU
		{25357620-B57A-493A-A3DF-0DD8B03CE3C8}.Debug|Any CPU.ActiveCfg = Debug|Any CPU
		{25357620-B57A-493A-A3DF-0DD8B03CE3C8}.Debug|Any CPU.Build.0 = Debug|Any CPU
		{25357620-B57A-493A-A3DF-0DD8B03CE3C8}.Release|Any CPU.ActiveCfg = Release|Any CPU
		{25357620-B57A-493A-A3DF-0DD8B03CE3C8}.Release|Any CPU.Build.0 = Release|Any CPU
		{25357620-B57A-493A-A3DF-0DD8B03CE3C8}.Test|Any CPU.ActiveCfg = Test|Any CPU
		{25357620-B57A-493A-A3DF-0DD8B03CE3C8}.Test|Any CPU.Build.0 = Test|Any CPU
		{7F9E18E3-5B05-479E-8770-237DBF66B20D}.Debug|Any CPU.ActiveCfg = Debug|Any CPU
		{7F9E18E3-5B05-479E-8770-237DBF66B20D}.Debug|Any CPU.Build.0 = Debug|Any CPU
		{7F9E18E3-5B05-479E-8770-237DBF66B20D}.Release|Any CPU.ActiveCfg = Release|Any CPU
		{7F9E18E3-5B05-479E-8770-237DBF66B20D}.Release|Any CPU.Build.0 = Release|Any CPU
		{7F9E18E3-5B05-479E-8770-237DBF66B20D}.Test|Any CPU.ActiveCfg = Test|Any CPU
		{7F9E18E3-5B05-479E-8770-237DBF66B20D}.Test|Any CPU.Build.0 = Test|Any CPU
		{FCF2D95B-AD28-493D-9287-6ADD3898C59A}.Debug|Any CPU.ActiveCfg = Debug|Any CPU
		{FCF2D95B-AD28-493D-9287-6ADD3898C59A}.Debug|Any CPU.Build.0 = Debug|Any CPU
		{FCF2D95B-AD28-493D-9287-6ADD3898C59A}.Release|Any CPU.ActiveCfg = Release|Any CPU
		{FCF2D95B-AD28-493D-9287-6ADD3898C59A}.Release|Any CPU.Build.0 = Release|Any CPU
		{FCF2D95B-AD28-493D-9287-6ADD3898C59A}.Test|Any CPU.ActiveCfg = Test|Any CPU
		{FCF2D95B-AD28-493D-9287-6ADD3898C59A}.Test|Any CPU.Build.0 = Test|Any CPU
		{D7F38FE4-96C1-42F0-B124-E0B5BA26C8CF}.Debug|Any CPU.ActiveCfg = Debug|Any CPU
		{D7F38FE4-96C1-42F0-B124-E0B5BA26C8CF}.Debug|Any CPU.Build.0 = Debug|Any CPU
		{D7F38FE4-96C1-42F0-B124-E0B5BA26C8CF}.Release|Any CPU.ActiveCfg = Release|Any CPU
		{D7F38FE4-96C1-42F0-B124-E0B5BA26C8CF}.Release|Any CPU.Build.0 = Release|Any CPU
		{D7F38FE4-96C1-42F0-B124-E0B5BA26C8CF}.Test|Any CPU.ActiveCfg = Test|Any CPU
		{D7F38FE4-96C1-42F0-B124-E0B5BA26C8CF}.Test|Any CPU.Build.0 = Test|Any CPU
		{4548E0B4-B99C-478F-9968-1B92FCE8D53D}.Debug|Any CPU.ActiveCfg = Debug|Any CPU
		{4548E0B4-B99C-478F-9968-1B92FCE8D53D}.Debug|Any CPU.Build.0 = Debug|Any CPU
		{4548E0B4-B99C-478F-9968-1B92FCE8D53D}.Release|Any CPU.ActiveCfg = Release|Any CPU
		{4548E0B4-B99C-478F-9968-1B92FCE8D53D}.Release|Any CPU.Build.0 = Release|Any CPU
		{4548E0B4-B99C-478F-9968-1B92FCE8D53D}.Test|Any CPU.ActiveCfg = Test|Any CPU
		{4548E0B4-B99C-478F-9968-1B92FCE8D53D}.Test|Any CPU.Build.0 = Test|Any CPU
		{E5FF1BAB-EEBC-440D-B632-ADAD45AB60F9}.Debug|Any CPU.ActiveCfg = Debug|Any CPU
		{E5FF1BAB-EEBC-440D-B632-ADAD45AB60F9}.Debug|Any CPU.Build.0 = Debug|Any CPU
		{E5FF1BAB-EEBC-440D-B632-ADAD45AB60F9}.Release|Any CPU.ActiveCfg = Release|Any CPU
		{E5FF1BAB-EEBC-440D-B632-ADAD45AB60F9}.Release|Any CPU.Build.0 = Release|Any CPU
		{E5FF1BAB-EEBC-440D-B632-ADAD45AB60F9}.Test|Any CPU.ActiveCfg = Test|Any CPU
		{E5FF1BAB-EEBC-440D-B632-ADAD45AB60F9}.Test|Any CPU.Build.0 = Test|Any CPU
		{D605DAF6-5B5A-4620-80B7-68FBC458E383}.Debug|Any CPU.ActiveCfg = Debug|Any CPU
		{D605DAF6-5B5A-4620-80B7-68FBC458E383}.Debug|Any CPU.Build.0 = Debug|Any CPU
		{D605DAF6-5B5A-4620-80B7-68FBC458E383}.Release|Any CPU.ActiveCfg = Release|Any CPU
		{D605DAF6-5B5A-4620-80B7-68FBC458E383}.Release|Any CPU.Build.0 = Release|Any CPU
		{D605DAF6-5B5A-4620-80B7-68FBC458E383}.Test|Any CPU.ActiveCfg = Test|Any CPU
		{D605DAF6-5B5A-4620-80B7-68FBC458E383}.Test|Any CPU.Build.0 = Test|Any CPU
		{CC731392-E63C-4619-B29E-4B975F2F14D1}.Debug|Any CPU.ActiveCfg = Debug|Any CPU
		{CC731392-E63C-4619-B29E-4B975F2F14D1}.Debug|Any CPU.Build.0 = Debug|Any CPU
		{CC731392-E63C-4619-B29E-4B975F2F14D1}.Release|Any CPU.ActiveCfg = Release|Any CPU
		{CC731392-E63C-4619-B29E-4B975F2F14D1}.Release|Any CPU.Build.0 = Release|Any CPU
		{CC731392-E63C-4619-B29E-4B975F2F14D1}.Test|Any CPU.ActiveCfg = Test|Any CPU
		{CC731392-E63C-4619-B29E-4B975F2F14D1}.Test|Any CPU.Build.0 = Test|Any CPU
		{161062BA-9165-4414-B04C-33C9CAEA89F3}.Debug|Any CPU.ActiveCfg = Debug|Any CPU
		{161062BA-9165-4414-B04C-33C9CAEA89F3}.Debug|Any CPU.Build.0 = Debug|Any CPU
		{161062BA-9165-4414-B04C-33C9CAEA89F3}.Release|Any CPU.ActiveCfg = Release|Any CPU
		{161062BA-9165-4414-B04C-33C9CAEA89F3}.Release|Any CPU.Build.0 = Release|Any CPU
		{161062BA-9165-4414-B04C-33C9CAEA89F3}.Test|Any CPU.ActiveCfg = Test|Any CPU
		{161062BA-9165-4414-B04C-33C9CAEA89F3}.Test|Any CPU.Build.0 = Test|Any CPU
		{567EECEF-6940-4563-85B4-CE5EE5FE9961}.Debug|Any CPU.ActiveCfg = Debug|Any CPU
		{567EECEF-6940-4563-85B4-CE5EE5FE9961}.Debug|Any CPU.Build.0 = Debug|Any CPU
		{567EECEF-6940-4563-85B4-CE5EE5FE9961}.Release|Any CPU.ActiveCfg = Release|Any CPU
		{567EECEF-6940-4563-85B4-CE5EE5FE9961}.Release|Any CPU.Build.0 = Release|Any CPU
		{567EECEF-6940-4563-85B4-CE5EE5FE9961}.Test|Any CPU.ActiveCfg = Test|Any CPU
		{567EECEF-6940-4563-85B4-CE5EE5FE9961}.Test|Any CPU.Build.0 = Test|Any CPU
		{3529FC4F-C39B-4A9E-A0E5-C4AC5116C7CC}.Debug|Any CPU.ActiveCfg = Debug|Any CPU
		{3529FC4F-C39B-4A9E-A0E5-C4AC5116C7CC}.Debug|Any CPU.Build.0 = Debug|Any CPU
		{3529FC4F-C39B-4A9E-A0E5-C4AC5116C7CC}.Release|Any CPU.ActiveCfg = Release|Any CPU
		{3529FC4F-C39B-4A9E-A0E5-C4AC5116C7CC}.Release|Any CPU.Build.0 = Release|Any CPU
		{3529FC4F-C39B-4A9E-A0E5-C4AC5116C7CC}.Test|Any CPU.ActiveCfg = Test|Any CPU
		{3529FC4F-C39B-4A9E-A0E5-C4AC5116C7CC}.Test|Any CPU.Build.0 = Test|Any CPU
		{12F01C5A-C7B4-45E6-832B-80818D4A33F5}.Debug|Any CPU.ActiveCfg = Debug|Any CPU
		{12F01C5A-C7B4-45E6-832B-80818D4A33F5}.Debug|Any CPU.Build.0 = Debug|Any CPU
		{12F01C5A-C7B4-45E6-832B-80818D4A33F5}.Release|Any CPU.ActiveCfg = Release|Any CPU
		{12F01C5A-C7B4-45E6-832B-80818D4A33F5}.Release|Any CPU.Build.0 = Release|Any CPU
		{12F01C5A-C7B4-45E6-832B-80818D4A33F5}.Test|Any CPU.ActiveCfg = Test|Any CPU
		{12F01C5A-C7B4-45E6-832B-80818D4A33F5}.Test|Any CPU.Build.0 = Test|Any CPU
		{E36B74A6-A105-4D8E-8EA7-2449C6A67169}.Debug|Any CPU.ActiveCfg = Debug|Any CPU
		{E36B74A6-A105-4D8E-8EA7-2449C6A67169}.Debug|Any CPU.Build.0 = Debug|Any CPU
		{E36B74A6-A105-4D8E-8EA7-2449C6A67169}.Release|Any CPU.ActiveCfg = Release|Any CPU
		{E36B74A6-A105-4D8E-8EA7-2449C6A67169}.Release|Any CPU.Build.0 = Release|Any CPU
		{E36B74A6-A105-4D8E-8EA7-2449C6A67169}.Test|Any CPU.ActiveCfg = Test|Any CPU
		{E36B74A6-A105-4D8E-8EA7-2449C6A67169}.Test|Any CPU.Build.0 = Test|Any CPU
		{87F75D57-0435-44ED-8BCD-8460969615FC}.Debug|Any CPU.ActiveCfg = Debug|Any CPU
		{87F75D57-0435-44ED-8BCD-8460969615FC}.Debug|Any CPU.Build.0 = Debug|Any CPU
		{87F75D57-0435-44ED-8BCD-8460969615FC}.Release|Any CPU.ActiveCfg = Release|Any CPU
		{87F75D57-0435-44ED-8BCD-8460969615FC}.Release|Any CPU.Build.0 = Release|Any CPU
		{87F75D57-0435-44ED-8BCD-8460969615FC}.Test|Any CPU.ActiveCfg = Test|Any CPU
		{87F75D57-0435-44ED-8BCD-8460969615FC}.Test|Any CPU.Build.0 = Test|Any CPU
		{78C7588F-21CA-4EEB-9425-E7AF16078DA0}.Debug|Any CPU.ActiveCfg = Debug|Any CPU
		{78C7588F-21CA-4EEB-9425-E7AF16078DA0}.Debug|Any CPU.Build.0 = Debug|Any CPU
		{78C7588F-21CA-4EEB-9425-E7AF16078DA0}.Release|Any CPU.ActiveCfg = Release|Any CPU
		{78C7588F-21CA-4EEB-9425-E7AF16078DA0}.Release|Any CPU.Build.0 = Release|Any CPU
		{78C7588F-21CA-4EEB-9425-E7AF16078DA0}.Test|Any CPU.ActiveCfg = Test|Any CPU
		{78C7588F-21CA-4EEB-9425-E7AF16078DA0}.Test|Any CPU.Build.0 = Test|Any CPU
		{6B6FA7CF-D952-43AD-ADA7-A80A761742CA}.Debug|Any CPU.ActiveCfg = Debug|Any CPU
		{6B6FA7CF-D952-43AD-ADA7-A80A761742CA}.Debug|Any CPU.Build.0 = Debug|Any CPU
		{6B6FA7CF-D952-43AD-ADA7-A80A761742CA}.Release|Any CPU.ActiveCfg = Release|Any CPU
		{6B6FA7CF-D952-43AD-ADA7-A80A761742CA}.Release|Any CPU.Build.0 = Release|Any CPU
		{6B6FA7CF-D952-43AD-ADA7-A80A761742CA}.Test|Any CPU.ActiveCfg = Test|Any CPU
		{6B6FA7CF-D952-43AD-ADA7-A80A761742CA}.Test|Any CPU.Build.0 = Test|Any CPU
		{C8704971-E72B-461B-88AA-A6B4FBF12A5D}.Debug|Any CPU.ActiveCfg = Debug|Any CPU
		{C8704971-E72B-461B-88AA-A6B4FBF12A5D}.Debug|Any CPU.Build.0 = Debug|Any CPU
		{C8704971-E72B-461B-88AA-A6B4FBF12A5D}.Release|Any CPU.ActiveCfg = Release|Any CPU
		{C8704971-E72B-461B-88AA-A6B4FBF12A5D}.Release|Any CPU.Build.0 = Release|Any CPU
		{C8704971-E72B-461B-88AA-A6B4FBF12A5D}.Test|Any CPU.ActiveCfg = Test|Any CPU
		{C8704971-E72B-461B-88AA-A6B4FBF12A5D}.Test|Any CPU.Build.0 = Test|Any CPU
	EndGlobalSection
	GlobalSection(SolutionProperties) = preSolution
		HideSolutionNode = FALSE
	EndGlobalSection
	GlobalSection(NestedProjects) = preSolution
		{0A01A305-28A5-4384-AD9C-B73A817ADD32} = {87B94D2E-E158-475B-951E-FE4F00B8E6B7}
		{25357620-B57A-493A-A3DF-0DD8B03CE3C8} = {87B94D2E-E158-475B-951E-FE4F00B8E6B7}
		{7F9E18E3-5B05-479E-8770-237DBF66B20D} = {87B94D2E-E158-475B-951E-FE4F00B8E6B7}
		{FCF2D95B-AD28-493D-9287-6ADD3898C59A} = {87B94D2E-E158-475B-951E-FE4F00B8E6B7}
		{D7F38FE4-96C1-42F0-B124-E0B5BA26C8CF} = {87B94D2E-E158-475B-951E-FE4F00B8E6B7}
		{161062BA-9165-4414-B04C-33C9CAEA89F3} = {87B94D2E-E158-475B-951E-FE4F00B8E6B7}
		{567EECEF-6940-4563-85B4-CE5EE5FE9961} = {87B94D2E-E158-475B-951E-FE4F00B8E6B7}
		{12F01C5A-C7B4-45E6-832B-80818D4A33F5} = {87B94D2E-E158-475B-951E-FE4F00B8E6B7}
		{87F75D57-0435-44ED-8BCD-8460969615FC} = {87B94D2E-E158-475B-951E-FE4F00B8E6B7}
		{6B6FA7CF-D952-43AD-ADA7-A80A761742CA} = {87B94D2E-E158-475B-951E-FE4F00B8E6B7}
		{C8704971-E72B-461B-88AA-A6B4FBF12A5D} = {87B94D2E-E158-475B-951E-FE4F00B8E6B7}
	EndGlobalSection
	GlobalSection(ExtensibilityGlobals) = postSolution
		SolutionGuid = {47BFA7D9-55FD-4775-914F-3FD89318D8D9}
	EndGlobalSection
EndGlobal
