
Microsoft Visual Studio Solution File, Format Version 12.00
# Visual Studio Version 16
VisualStudioVersion = 16.0.31624.102
MinimumVisualStudioVersion = 10.0.40219.1
Project("{9A19103F-16F7-4668-BE54-9A1E7A4F7556}") = "Web", "Web\Web.csproj", "{6A88BE53-69B5-408C-ABE9-49757C6ACEA2}"
EndProject
Project("{9A19103F-16F7-4668-BE54-9A1E7A4F7556}") = "DAL", "DAL\DAL.csproj", "{57102944-08B6-4982-B75F-521681095DB9}"
EndProject
Project("{9A19103F-16F7-4668-BE54-9A1E7A4F7556}") = "DiscordBot", "DiscordBot\DiscordBot.csproj", "{8140CB39-B01A-45CB-BCC3-8F4BC6A36C8E}"
EndProject
Project("{2150E333-8FDC-42A3-9474-1A3956D46DE8}") = "Tests", "Tests", "{87B94D2E-E158-475B-951E-FE4F00B8E6B7}"
EndProject
Project("{9A19103F-16F7-4668-BE54-9A1E7A4F7556}") = "DiscordBot.Tests", "Tests\DiscordBot.Test\DiscordBot.Tests.csproj", "{5B0785E0-EBBD-4670-9EAA-B0926B65005A}"
EndProject
Project("{FAE04EC0-301F-11D3-BF4B-00C04F79EFBC}") = "Web.Tests", "Tests\Web.Test\Web.Tests.csproj", "{69A669E0-8511-47B8-B3D5-875F36784B37}"
EndProject
Project("{9A19103F-16F7-4668-BE54-9A1E7A4F7556}") = "ShindenApi", "ShindenApi\ShindenApi.csproj", "{4BCF278A-A434-4893-8954-F911C963505C}"
EndProject
Project("{9A19103F-16F7-4668-BE54-9A1E7A4F7556}") = "Common", "Common\Common.csproj", "{77354222-1F5D-4A9E-8519-512A72632463}"
EndProject
Project("{FAE04EC0-301F-11D3-BF4B-00C04F79EFBC}") = "ShindenApi.Tests", "ShindenApi.Tests\ShindenApi.Tests.csproj", "{683779F1-F7C6-4C8C-AA41-9C522193E101}"
EndProject
Global
	GlobalSection(SolutionConfigurationPlatforms) = preSolution
		Debug|Any CPU = Debug|Any CPU
		Release|Any CPU = Release|Any CPU
	EndGlobalSection
	GlobalSection(ProjectConfigurationPlatforms) = postSolution
		{6A88BE53-69B5-408C-ABE9-49757C6ACEA2}.Debug|Any CPU.ActiveCfg = Debug|Any CPU
		{6A88BE53-69B5-408C-ABE9-49757C6ACEA2}.Debug|Any CPU.Build.0 = Debug|Any CPU
		{6A88BE53-69B5-408C-ABE9-49757C6ACEA2}.Release|Any CPU.ActiveCfg = Release|Any CPU
		{6A88BE53-69B5-408C-ABE9-49757C6ACEA2}.Release|Any CPU.Build.0 = Release|Any CPU
		{57102944-08B6-4982-B75F-521681095DB9}.Debug|Any CPU.ActiveCfg = Debug|Any CPU
		{57102944-08B6-4982-B75F-521681095DB9}.Debug|Any CPU.Build.0 = Debug|Any CPU
		{57102944-08B6-4982-B75F-521681095DB9}.Release|Any CPU.ActiveCfg = Release|Any CPU
		{57102944-08B6-4982-B75F-521681095DB9}.Release|Any CPU.Build.0 = Release|Any CPU
		{8140CB39-B01A-45CB-BCC3-8F4BC6A36C8E}.Debug|Any CPU.ActiveCfg = Debug|Any CPU
		{8140CB39-B01A-45CB-BCC3-8F4BC6A36C8E}.Debug|Any CPU.Build.0 = Debug|Any CPU
		{8140CB39-B01A-45CB-BCC3-8F4BC6A36C8E}.Release|Any CPU.ActiveCfg = Release|Any CPU
		{8140CB39-B01A-45CB-BCC3-8F4BC6A36C8E}.Release|Any CPU.Build.0 = Release|Any CPU
		{5B0785E0-EBBD-4670-9EAA-B0926B65005A}.Debug|Any CPU.ActiveCfg = Debug|Any CPU
		{5B0785E0-EBBD-4670-9EAA-B0926B65005A}.Debug|Any CPU.Build.0 = Debug|Any CPU
		{5B0785E0-EBBD-4670-9EAA-B0926B65005A}.Release|Any CPU.ActiveCfg = Release|Any CPU
		{5B0785E0-EBBD-4670-9EAA-B0926B65005A}.Release|Any CPU.Build.0 = Release|Any CPU
		{69A669E0-8511-47B8-B3D5-875F36784B37}.Debug|Any CPU.ActiveCfg = Debug|Any CPU
		{69A669E0-8511-47B8-B3D5-875F36784B37}.Debug|Any CPU.Build.0 = Debug|Any CPU
		{69A669E0-8511-47B8-B3D5-875F36784B37}.Release|Any CPU.ActiveCfg = Release|Any CPU
		{69A669E0-8511-47B8-B3D5-875F36784B37}.Release|Any CPU.Build.0 = Release|Any CPU
		{4BCF278A-A434-4893-8954-F911C963505C}.Debug|Any CPU.ActiveCfg = Debug|Any CPU
		{4BCF278A-A434-4893-8954-F911C963505C}.Debug|Any CPU.Build.0 = Debug|Any CPU
		{4BCF278A-A434-4893-8954-F911C963505C}.Release|Any CPU.ActiveCfg = Release|Any CPU
		{4BCF278A-A434-4893-8954-F911C963505C}.Release|Any CPU.Build.0 = Release|Any CPU
		{77354222-1F5D-4A9E-8519-512A72632463}.Debug|Any CPU.ActiveCfg = Debug|Any CPU
		{77354222-1F5D-4A9E-8519-512A72632463}.Debug|Any CPU.Build.0 = Debug|Any CPU
		{77354222-1F5D-4A9E-8519-512A72632463}.Release|Any CPU.ActiveCfg = Release|Any CPU
		{77354222-1F5D-4A9E-8519-512A72632463}.Release|Any CPU.Build.0 = Release|Any CPU
		{683779F1-F7C6-4C8C-AA41-9C522193E101}.Debug|Any CPU.ActiveCfg = Debug|Any CPU
		{683779F1-F7C6-4C8C-AA41-9C522193E101}.Debug|Any CPU.Build.0 = Debug|Any CPU
		{683779F1-F7C6-4C8C-AA41-9C522193E101}.Release|Any CPU.ActiveCfg = Release|Any CPU
		{683779F1-F7C6-4C8C-AA41-9C522193E101}.Release|Any CPU.Build.0 = Release|Any CPU
	EndGlobalSection
	GlobalSection(SolutionProperties) = preSolution
		HideSolutionNode = FALSE
	EndGlobalSection
	GlobalSection(NestedProjects) = preSolution
		{5B0785E0-EBBD-4670-9EAA-B0926B65005A} = {87B94D2E-E158-475B-951E-FE4F00B8E6B7}
		{69A669E0-8511-47B8-B3D5-875F36784B37} = {87B94D2E-E158-475B-951E-FE4F00B8E6B7}
		{683779F1-F7C6-4C8C-AA41-9C522193E101} = {87B94D2E-E158-475B-951E-FE4F00B8E6B7}
	EndGlobalSection
	GlobalSection(ExtensibilityGlobals) = postSolution
		SolutionGuid = {47BFA7D9-55FD-4775-914F-3FD89318D8D9}
	EndGlobalSection
EndGlobal
